// !$*UTF8*$!
{
	archiveVersion = 1;
	classes = {
	};
	objectVersion = 50;
	objects = {

/* Begin PBXBuildFile section */
		2163CA3F21D68C8A0099EA36 /* RWPickFlavor.h in Headers */ = {isa = PBXBuildFile; fileRef = 2163CA3D21D68C8A0099EA36 /* RWPickFlavor.h */; settings = {ATTRIBUTES = (Public, ); }; };
		2163CA7221D690B70099EA36 /* Flavor.swift in Sources */ = {isa = PBXBuildFile; fileRef = 2163CA6421D690B70099EA36 /* Flavor.swift */; };
		2163CA7321D690B70099EA36 /* PickFlavorViewController.swift in Sources */ = {isa = PBXBuildFile; fileRef = 2163CA6621D690B70099EA36 /* PickFlavorViewController.swift */; };
		2163CA7421D690B70099EA36 /* PickFlavorDataSource.swift in Sources */ = {isa = PBXBuildFile; fileRef = 2163CA6721D690B70099EA36 /* PickFlavorDataSource.swift */; };
		2163CA7521D690B70099EA36 /* RGBAColorFromString.swift in Sources */ = {isa = PBXBuildFile; fileRef = 2163CA6921D690B70099EA36 /* RGBAColorFromString.swift */; };
		2163CA7621D690B70099EA36 /* ScoopCell.swift in Sources */ = {isa = PBXBuildFile; fileRef = 2163CA6B21D690B70099EA36 /* ScoopCell.swift */; };
		2163CA7721D690B70099EA36 /* ScoopView.swift in Sources */ = {isa = PBXBuildFile; fileRef = 2163CA6C21D690B70099EA36 /* ScoopView.swift */; };
		2163CA7821D690B70099EA36 /* Main.storyboard in Resources */ = {isa = PBXBuildFile; fileRef = 2163CA6D21D690B70099EA36 /* Main.storyboard */; };
		2163CA7921D690B70099EA36 /* IceCreamView.swift in Sources */ = {isa = PBXBuildFile; fileRef = 2163CA6F21D690B70099EA36 /* IceCreamView.swift */; };
		2163CA7A21D690B70099EA36 /* Images.xcassets in Resources */ = {isa = PBXBuildFile; fileRef = 2163CA7121D690B70099EA36 /* Images.xcassets */; };
		6571770BE2E050D7CB986D42 /* libPods-RWPickFlavor.a in Frameworks */ = {isa = PBXBuildFile; fileRef = 55B6C46814483D3B6CFFB12B /* libPods-RWPickFlavor.a */; };
/* End PBXBuildFile section */

/* Begin PBXFileReference section */
		2163CA3A21D68C8A0099EA36 /* RWPickFlavor.framework */ = {isa = PBXFileReference; explicitFileType = wrapper.framework; includeInIndex = 0; path = RWPickFlavor.framework; sourceTree = BUILT_PRODUCTS_DIR; };
		2163CA3D21D68C8A0099EA36 /* RWPickFlavor.h */ = {isa = PBXFileReference; lastKnownFileType = sourcecode.c.h; path = RWPickFlavor.h; sourceTree = "<group>"; };
		2163CA3E21D68C8A0099EA36 /* Info.plist */ = {isa = PBXFileReference; lastKnownFileType = text.plist.xml; path = Info.plist; sourceTree = "<group>"; };
		2163CA6421D690B70099EA36 /* Flavor.swift */ = {isa = PBXFileReference; fileEncoding = 4; lastKnownFileType = sourcecode.swift; path = Flavor.swift; sourceTree = "<group>"; };
		2163CA6621D690B70099EA36 /* PickFlavorViewController.swift */ = {isa = PBXFileReference; fileEncoding = 4; lastKnownFileType = sourcecode.swift; path = PickFlavorViewController.swift; sourceTree = "<group>"; };
		2163CA6721D690B70099EA36 /* PickFlavorDataSource.swift */ = {isa = PBXFileReference; fileEncoding = 4; lastKnownFileType = sourcecode.swift; path = PickFlavorDataSource.swift; sourceTree = "<group>"; };
		2163CA6921D690B70099EA36 /* RGBAColorFromString.swift */ = {isa = PBXFileReference; fileEncoding = 4; lastKnownFileType = sourcecode.swift; path = RGBAColorFromString.swift; sourceTree = "<group>"; };
		2163CA6B21D690B70099EA36 /* ScoopCell.swift */ = {isa = PBXFileReference; fileEncoding = 4; lastKnownFileType = sourcecode.swift; path = ScoopCell.swift; sourceTree = "<group>"; };
		2163CA6C21D690B70099EA36 /* ScoopView.swift */ = {isa = PBXFileReference; fileEncoding = 4; lastKnownFileType = sourcecode.swift; path = ScoopView.swift; sourceTree = "<group>"; };
		2163CA6E21D690B70099EA36 /* Base */ = {isa = PBXFileReference; lastKnownFileType = file.storyboard; name = Base; path = Base.lproj/Main.storyboard; sourceTree = "<group>"; };
		2163CA6F21D690B70099EA36 /* IceCreamView.swift */ = {isa = PBXFileReference; fileEncoding = 4; lastKnownFileType = sourcecode.swift; path = IceCreamView.swift; sourceTree = "<group>"; };
		2163CA7121D690B70099EA36 /* Images.xcassets */ = {isa = PBXFileReference; lastKnownFileType = folder.assetcatalog; path = Images.xcassets; sourceTree = "<group>"; };
		55B6C46814483D3B6CFFB12B /* libPods-RWPickFlavor.a */ = {isa = PBXFileReference; explicitFileType = archive.ar; includeInIndex = 0; path = "libPods-RWPickFlavor.a"; sourceTree = BUILT_PRODUCTS_DIR; };
		8D10C8E79DC261597AE8FB5E /* Pods-RWPickFlavor.debug.xcconfig */ = {isa = PBXFileReference; includeInIndex = 1; lastKnownFileType = text.xcconfig; name = "Pods-RWPickFlavor.debug.xcconfig"; path = "Target Support Files/Pods-RWPickFlavor/Pods-RWPickFlavor.debug.xcconfig"; sourceTree = "<group>"; };
		94ED4C8369D352B84221BFD7 /* Pods-RWPickFlavor.release.xcconfig */ = {isa = PBXFileReference; includeInIndex = 1; lastKnownFileType = text.xcconfig; name = "Pods-RWPickFlavor.release.xcconfig"; path = "Target Support Files/Pods-RWPickFlavor/Pods-RWPickFlavor.release.xcconfig"; sourceTree = "<group>"; };
/* End PBXFileReference section */

/* Begin PBXFrameworksBuildPhase section */
		2163CA3721D68C8A0099EA36 /* Frameworks */ = {
			isa = PBXFrameworksBuildPhase;
			buildActionMask = 2147483647;
			files = (
				6571770BE2E050D7CB986D42 /* libPods-RWPickFlavor.a in Frameworks */,
			);
			runOnlyForDeploymentPostprocessing = 0;
		};
/* End PBXFrameworksBuildPhase section */

/* Begin PBXGroup section */
		2163CA3021D68C8A0099EA36 = {
			isa = PBXGroup;
			children = (
				2163CA3C21D68C8A0099EA36 /* RWPickFlavor */,
				2163CA3B21D68C8A0099EA36 /* Products */,
				E26B872A8E2E97466BE7A099 /* Pods */,
				3D9773BF588BCF23A7A5B922 /* Frameworks */,
			);
			sourceTree = "<group>";
		};
		2163CA3B21D68C8A0099EA36 /* Products */ = {
			isa = PBXGroup;
			children = (
				2163CA3A21D68C8A0099EA36 /* RWPickFlavor.framework */,
			);
			name = Products;
			sourceTree = "<group>";
		};
		2163CA3C21D68C8A0099EA36 /* RWPickFlavor */ = {
			isa = PBXGroup;
			children = (
				2163CA6821D690B70099EA36 /* Categories */,
				2163CA6521D690B70099EA36 /* Controllers */,
				2163CA6321D690B70099EA36 /* Models */,
				2163CA7021D690B70099EA36 /* Resources */,
				2163CA6A21D690B70099EA36 /* Views */,
				2163CA3D21D68C8A0099EA36 /* RWPickFlavor.h */,
				2163CA3E21D68C8A0099EA36 /* Info.plist */,
			);
			path = RWPickFlavor;
			sourceTree = "<group>";
		};
		2163CA6321D690B70099EA36 /* Models */ = {
			isa = PBXGroup;
			children = (
				2163CA6421D690B70099EA36 /* Flavor.swift */,
			);
			path = Models;
			sourceTree = "<group>";
		};
		2163CA6521D690B70099EA36 /* Controllers */ = {
			isa = PBXGroup;
			children = (
				2163CA6621D690B70099EA36 /* PickFlavorViewController.swift */,
				2163CA6721D690B70099EA36 /* PickFlavorDataSource.swift */,
			);
			path = Controllers;
			sourceTree = "<group>";
		};
		2163CA6821D690B70099EA36 /* Categories */ = {
			isa = PBXGroup;
			children = (
				2163CA6921D690B70099EA36 /* RGBAColorFromString.swift */,
			);
			path = Categories;
			sourceTree = "<group>";
		};
		2163CA6A21D690B70099EA36 /* Views */ = {
			isa = PBXGroup;
			children = (
				2163CA6B21D690B70099EA36 /* ScoopCell.swift */,
				2163CA6C21D690B70099EA36 /* ScoopView.swift */,
				2163CA6D21D690B70099EA36 /* Main.storyboard */,
				2163CA6F21D690B70099EA36 /* IceCreamView.swift */,
			);
			path = Views;
			sourceTree = "<group>";
		};
		2163CA7021D690B70099EA36 /* Resources */ = {
			isa = PBXGroup;
			children = (
				2163CA7121D690B70099EA36 /* Images.xcassets */,
			);
			path = Resources;
			sourceTree = "<group>";
		};
		3D9773BF588BCF23A7A5B922 /* Frameworks */ = {
			isa = PBXGroup;
			children = (
				55B6C46814483D3B6CFFB12B /* libPods-RWPickFlavor.a */,
			);
			name = Frameworks;
			sourceTree = "<group>";
		};
		E26B872A8E2E97466BE7A099 /* Pods */ = {
			isa = PBXGroup;
			children = (
				8D10C8E79DC261597AE8FB5E /* Pods-RWPickFlavor.debug.xcconfig */,
				94ED4C8369D352B84221BFD7 /* Pods-RWPickFlavor.release.xcconfig */,
			);
			path = Pods;
			sourceTree = "<group>";
		};
/* End PBXGroup section */

/* Begin PBXHeadersBuildPhase section */
		2163CA3521D68C8A0099EA36 /* Headers */ = {
			isa = PBXHeadersBuildPhase;
			buildActionMask = 2147483647;
			files = (
				2163CA3F21D68C8A0099EA36 /* RWPickFlavor.h in Headers */,
			);
			runOnlyForDeploymentPostprocessing = 0;
		};
/* End PBXHeadersBuildPhase section */

/* Begin PBXNativeTarget section */
		2163CA3921D68C8A0099EA36 /* RWPickFlavor */ = {
			isa = PBXNativeTarget;
			buildConfigurationList = 2163CA4221D68C8A0099EA36 /* Build configuration list for PBXNativeTarget "RWPickFlavor" */;
			buildPhases = (
				BE5D828C2A04FDB4D0112EF2 /* [CP] Check Pods Manifest.lock */,
				2163CA3521D68C8A0099EA36 /* Headers */,
				2163CA3621D68C8A0099EA36 /* Sources */,
				2163CA3721D68C8A0099EA36 /* Frameworks */,
				2163CA3821D68C8A0099EA36 /* Resources */,
			);
			buildRules = (
			);
			dependencies = (
			);
			name = RWPickFlavor;
			productName = RWPickFlavor;
			productReference = 2163CA3A21D68C8A0099EA36 /* RWPickFlavor.framework */;
			productType = "com.apple.product-type.framework";
		};
/* End PBXNativeTarget section */

/* Begin PBXProject section */
		2163CA3121D68C8A0099EA36 /* Project object */ = {
			isa = PBXProject;
			attributes = {
				LastUpgradeCheck = 1010;
				ORGANIZATIONNAME = "Ricardo Silva";
				TargetAttributes = {
					2163CA3921D68C8A0099EA36 = {
						CreatedOnToolsVersion = 10.1;
					};
				};
			};
			buildConfigurationList = 2163CA3421D68C8A0099EA36 /* Build configuration list for PBXProject "RWPickFlavor" */;
			compatibilityVersion = "Xcode 9.3";
			developmentRegion = en;
			hasScannedForEncodings = 0;
			knownRegions = (
				en,
				Base,
			);
			mainGroup = 2163CA3021D68C8A0099EA36;
			productRefGroup = 2163CA3B21D68C8A0099EA36 /* Products */;
			projectDirPath = "";
			projectRoot = "";
			targets = (
				2163CA3921D68C8A0099EA36 /* RWPickFlavor */,
			);
		};
/* End PBXProject section */

/* Begin PBXResourcesBuildPhase section */
		2163CA3821D68C8A0099EA36 /* Resources */ = {
			isa = PBXResourcesBuildPhase;
			buildActionMask = 2147483647;
			files = (
				2163CA7821D690B70099EA36 /* Main.storyboard in Resources */,
				2163CA7A21D690B70099EA36 /* Images.xcassets in Resources */,
			);
			runOnlyForDeploymentPostprocessing = 0;
		};
/* End PBXResourcesBuildPhase section */

/* Begin PBXShellScriptBuildPhase section */
		BE5D828C2A04FDB4D0112EF2 /* [CP] Check Pods Manifest.lock */ = {
			isa = PBXShellScriptBuildPhase;
			buildActionMask = 2147483647;
			files = (
			);
			inputFileListPaths = (
			);
			inputPaths = (
				"${PODS_PODFILE_DIR_PATH}/Podfile.lock",
				"${PODS_ROOT}/Manifest.lock",
			);
			name = "[CP] Check Pods Manifest.lock";
			outputFileListPaths = (
			);
			outputPaths = (
				"$(DERIVED_FILE_DIR)/Pods-RWPickFlavor-checkManifestLockResult.txt",
			);
			runOnlyForDeploymentPostprocessing = 0;
			shellPath = /bin/sh;
			shellScript = "diff \"${PODS_PODFILE_DIR_PATH}/Podfile.lock\" \"${PODS_ROOT}/Manifest.lock\" > /dev/null\nif [ $? != 0 ] ; then\n    # print error to STDERR\n    echo \"error: The sandbox is not in sync with the Podfile.lock. Run 'pod install' or update your CocoaPods installation.\" >&2\n    exit 1\nfi\n# This output is used by Xcode 'outputs' to avoid re-running this script phase.\necho \"SUCCESS\" > \"${SCRIPT_OUTPUT_FILE_0}\"\n";
			showEnvVarsInLog = 0;
		};
/* End PBXShellScriptBuildPhase section */

/* Begin PBXSourcesBuildPhase section */
		2163CA3621D68C8A0099EA36 /* Sources */ = {
			isa = PBXSourcesBuildPhase;
			buildActionMask = 2147483647;
			files = (
				2163CA7221D690B70099EA36 /* Flavor.swift in Sources */,
				2163CA7421D690B70099EA36 /* PickFlavorDataSource.swift in Sources */,
				2163CA7521D690B70099EA36 /* RGBAColorFromString.swift in Sources */,
				2163CA7921D690B70099EA36 /* IceCreamView.swift in Sources */,
				2163CA7321D690B70099EA36 /* PickFlavorViewController.swift in Sources */,
				2163CA7621D690B70099EA36 /* ScoopCell.swift in Sources */,
				2163CA7721D690B70099EA36 /* ScoopView.swift in Sources */,
			);
			runOnlyForDeploymentPostprocessing = 0;
		};
/* End PBXSourcesBuildPhase section */

/* Begin PBXVariantGroup section */
		2163CA6D21D690B70099EA36 /* Main.storyboard */ = {
			isa = PBXVariantGroup;
			children = (
				2163CA6E21D690B70099EA36 /* Base */,
			);
			name = Main.storyboard;
			sourceTree = "<group>";
		};
/* End PBXVariantGroup section */

/* Begin XCBuildConfiguration section */
		2163CA4021D68C8A0099EA36 /* Debug */ = {
			isa = XCBuildConfiguration;
			buildSettings = {
				ALWAYS_SEARCH_USER_PATHS = NO;
				CLANG_ANALYZER_NONNULL = YES;
				CLANG_ANALYZER_NUMBER_OBJECT_CONVERSION = YES_AGGRESSIVE;
				CLANG_CXX_LANGUAGE_STANDARD = "gnu++14";
				CLANG_CXX_LIBRARY = "libc++";
				CLANG_ENABLE_MODULES = YES;
				CLANG_ENABLE_OBJC_ARC = YES;
				CLANG_ENABLE_OBJC_WEAK = YES;
				CLANG_WARN_BLOCK_CAPTURE_AUTORELEASING = YES;
				CLANG_WARN_BOOL_CONVERSION = YES;
				CLANG_WARN_COMMA = YES;
				CLANG_WARN_CONSTANT_CONVERSION = YES;
				CLANG_WARN_DEPRECATED_OBJC_IMPLEMENTATIONS = YES;
				CLANG_WARN_DIRECT_OBJC_ISA_USAGE = YES_ERROR;
				CLANG_WARN_DOCUMENTATION_COMMENTS = YES;
				CLANG_WARN_EMPTY_BODY = YES;
				CLANG_WARN_ENUM_CONVERSION = YES;
				CLANG_WARN_INFINITE_RECURSION = YES;
				CLANG_WARN_INT_CONVERSION = YES;
				CLANG_WARN_NON_LITERAL_NULL_CONVERSION = YES;
				CLANG_WARN_OBJC_IMPLICIT_RETAIN_SELF = YES;
				CLANG_WARN_OBJC_LITERAL_CONVERSION = YES;
				CLANG_WARN_OBJC_ROOT_CLASS = YES_ERROR;
				CLANG_WARN_RANGE_LOOP_ANALYSIS = YES;
				CLANG_WARN_STRICT_PROTOTYPES = YES;
				CLANG_WARN_SUSPICIOUS_MOVE = YES;
				CLANG_WARN_UNGUARDED_AVAILABILITY = YES_AGGRESSIVE;
				CLANG_WARN_UNREACHABLE_CODE = YES;
				CLANG_WARN__DUPLICATE_METHOD_MATCH = YES;
				CODE_SIGN_IDENTITY = "iPhone Developer";
				COPY_PHASE_STRIP = NO;
				CURRENT_PROJECT_VERSION = 1;
				DEBUG_INFORMATION_FORMAT = dwarf;
				ENABLE_STRICT_OBJC_MSGSEND = YES;
				ENABLE_TESTABILITY = YES;
				GCC_C_LANGUAGE_STANDARD = gnu11;
				GCC_DYNAMIC_NO_PIC = NO;
				GCC_NO_COMMON_BLOCKS = YES;
				GCC_OPTIMIZATION_LEVEL = 0;
				GCC_PREPROCESSOR_DEFINITIONS = (
					"DEBUG=1",
					"$(inherited)",
				);
				GCC_WARN_64_TO_32_BIT_CONVERSION = YES;
				GCC_WARN_ABOUT_RETURN_TYPE = YES_ERROR;
				GCC_WARN_UNDECLARED_SELECTOR = YES;
				GCC_WARN_UNINITIALIZED_AUTOS = YES_AGGRESSIVE;
				GCC_WARN_UNUSED_FUNCTION = YES;
				GCC_WARN_UNUSED_VARIABLE = YES;
				IPHONEOS_DEPLOYMENT_TARGET = 12.1;
				MTL_ENABLE_DEBUG_INFO = INCLUDE_SOURCE;
				MTL_FAST_MATH = YES;
				ONLY_ACTIVE_ARCH = YES;
				SDKROOT = iphoneos;
				SWIFT_ACTIVE_COMPILATION_CONDITIONS = DEBUG;
				SWIFT_OPTIMIZATION_LEVEL = "-Onone";
				VERSIONING_SYSTEM = "apple-generic";
				VERSION_INFO_PREFIX = "";
			};
			name = Debug;
		};
		2163CA4121D68C8A0099EA36 /* Release */ = {
			isa = XCBuildConfiguration;
			buildSettings = {
				ALWAYS_SEARCH_USER_PATHS = NO;
				CLANG_ANALYZER_NONNULL = YES;
				CLANG_ANALYZER_NUMBER_OBJECT_CONVERSION = YES_AGGRESSIVE;
				CLANG_CXX_LANGUAGE_STANDARD = "gnu++14";
				CLANG_CXX_LIBRARY = "libc++";
				CLANG_ENABLE_MODULES = YES;
				CLANG_ENABLE_OBJC_ARC = YES;
				CLANG_ENABLE_OBJC_WEAK = YES;
				CLANG_WARN_BLOCK_CAPTURE_AUTORELEASING = YES;
				CLANG_WARN_BOOL_CONVERSION = YES;
				CLANG_WARN_COMMA = YES;
				CLANG_WARN_CONSTANT_CONVERSION = YES;
				CLANG_WARN_DEPRECATED_OBJC_IMPLEMENTATIONS = YES;
				CLANG_WARN_DIRECT_OBJC_ISA_USAGE = YES_ERROR;
				CLANG_WARN_DOCUMENTATION_COMMENTS = YES;
				CLANG_WARN_EMPTY_BODY = YES;
				CLANG_WARN_ENUM_CONVERSION = YES;
				CLANG_WARN_INFINITE_RECURSION = YES;
				CLANG_WARN_INT_CONVERSION = YES;
				CLANG_WARN_NON_LITERAL_NULL_CONVERSION = YES;
				CLANG_WARN_OBJC_IMPLICIT_RETAIN_SELF = YES;
				CLANG_WARN_OBJC_LITERAL_CONVERSION = YES;
				CLANG_WARN_OBJC_ROOT_CLASS = YES_ERROR;
				CLANG_WARN_RANGE_LOOP_ANALYSIS = YES;
				CLANG_WARN_STRICT_PROTOTYPES = YES;
				CLANG_WARN_SUSPICIOUS_MOVE = YES;
				CLANG_WARN_UNGUARDED_AVAILABILITY = YES_AGGRESSIVE;
				CLANG_WARN_UNREACHABLE_CODE = YES;
				CLANG_WARN__DUPLICATE_METHOD_MATCH = YES;
				CODE_SIGN_IDENTITY = "iPhone Developer";
				COPY_PHASE_STRIP = NO;
				CURRENT_PROJECT_VERSION = 1;
				DEBUG_INFORMATION_FORMAT = "dwarf-with-dsym";
				ENABLE_NS_ASSERTIONS = NO;
				ENABLE_STRICT_OBJC_MSGSEND = YES;
				GCC_C_LANGUAGE_STANDARD = gnu11;
				GCC_NO_COMMON_BLOCKS = YES;
				GCC_WARN_64_TO_32_BIT_CONVERSION = YES;
				GCC_WARN_ABOUT_RETURN_TYPE = YES_ERROR;
				GCC_WARN_UNDECLARED_SELECTOR = YES;
				GCC_WARN_UNINITIALIZED_AUTOS = YES_AGGRESSIVE;
				GCC_WARN_UNUSED_FUNCTION = YES;
				GCC_WARN_UNUSED_VARIABLE = YES;
				IPHONEOS_DEPLOYMENT_TARGET = 12.1;
				MTL_ENABLE_DEBUG_INFO = NO;
				MTL_FAST_MATH = YES;
				SDKROOT = iphoneos;
				SWIFT_COMPILATION_MODE = wholemodule;
				SWIFT_OPTIMIZATION_LEVEL = "-O";
				VALIDATE_PRODUCT = YES;
				VERSIONING_SYSTEM = "apple-generic";
				VERSION_INFO_PREFIX = "";
			};
			name = Release;
		};
		2163CA4321D68C8A0099EA36 /* Debug */ = {
			isa = XCBuildConfiguration;
			baseConfigurationReference = 8D10C8E79DC261597AE8FB5E /* Pods-RWPickFlavor.debug.xcconfig */;
			buildSettings = {
				CODE_SIGN_IDENTITY = "";
				CODE_SIGN_STYLE = Automatic;
				DEFINES_MODULE = YES;
				DYLIB_COMPATIBILITY_VERSION = 1;
				DYLIB_CURRENT_VERSION = 1;
				DYLIB_INSTALL_NAME_BASE = "@rpath";
				INFOPLIST_FILE = RWPickFlavor/Info.plist;
				INSTALL_PATH = "$(LOCAL_LIBRARY_DIR)/Frameworks";
				LD_RUNPATH_SEARCH_PATHS = (
					"$(inherited)",
					"@executable_path/Frameworks",
					"@loader_path/Frameworks",
				);
				PRODUCT_BUNDLE_IDENTIFIER = com.ricardosilva.RWPickFlavor;
				PRODUCT_NAME = "$(TARGET_NAME:c99extidentifier)";
				SKIP_INSTALL = YES;
				SWIFT_VERSION = 4.2;
				TARGETED_DEVICE_FAMILY = "1,2";
			};
			name = Debug;
		};
		2163CA4421D68C8A0099EA36 /* Release */ = {
			isa = XCBuildConfiguration;
			baseConfigurationReference = 94ED4C8369D352B84221BFD7 /* Pods-RWPickFlavor.release.xcconfig */;
			buildSettings = {
				CODE_SIGN_IDENTITY = "";
				CODE_SIGN_STYLE = Automatic;
				DEFINES_MODULE = YES;
				DYLIB_COMPATIBILITY_VERSION = 1;
				DYLIB_CURRENT_VERSION = 1;
				DYLIB_INSTALL_NAME_BASE = "@rpath";
				INFOPLIST_FILE = RWPickFlavor/Info.plist;
				INSTALL_PATH = "$(LOCAL_LIBRARY_DIR)/Frameworks";
				LD_RUNPATH_SEARCH_PATHS = (
					"$(inherited)",
					"@executable_path/Frameworks",
					"@loader_path/Frameworks",
				);
				PRODUCT_BUNDLE_IDENTIFIER = com.ricardosilva.RWPickFlavor;
				PRODUCT_NAME = "$(TARGET_NAME:c99extidentifier)";
				SKIP_INSTALL = YES;
				SWIFT_VERSION = 4.2;
				TARGETED_DEVICE_FAMILY = "1,2";
			};
			name = Release;
		};
/* End XCBuildConfiguration section */

/* Begin XCConfigurationList section */
		2163CA3421D68C8A0099EA36 /* Build configuration list for PBXProject "RWPickFlavor" */ = {
			isa = XCConfigurationList;
			buildConfigurations = (
				2163CA4021D68C8A0099EA36 /* Debug */,
				2163CA4121D68C8A0099EA36 /* Release */,
			);
			defaultConfigurationIsVisible = 0;
			defaultConfigurationName = Release;
		};
		2163CA4221D68C8A0099EA36 /* Build configuration list for PBXNativeTarget "RWPickFlavor" */ = {
			isa = XCConfigurationList;
			buildConfigurations = (
				2163CA4321D68C8A0099EA36 /* Debug */,
				2163CA4421D68C8A0099EA36 /* Release */,
			);
			defaultConfigurationIsVisible = 0;
			defaultConfigurationName = Release;
		};
/* End XCConfigurationList section */
	};
	rootObject = 2163CA3121D68C8A0099EA36 /* Project object */;
}
